
Microsoft Visual Studio Solution File, Format Version 12.00
# Visual Studio 15
VisualStudioVersion = 15.0.28307.572
MinimumVisualStudioVersion = 10.0.40219.1
Project("{FAE04EC0-301F-11D3-BF4B-00C04F79EFBC}") = "Calculator", "Calculator\Calculator.csproj", "{77ED4472-30FE-4ADE-84FE-98999F36343F}"
EndProject
Global
	GlobalSection(SolutionConfigurationPlatforms) = preSolution
		Debug|Any CPU = Debug|Any CPU
		Release|Any CPU = Release|Any CPU
	EndGlobalSection
	GlobalSection(ProjectConfigurationPlatforms) = postSolution
		{77ED4472-30FE-4ADE-84FE-98999F36343F}.Debug|Any CPU.ActiveCfg = Debug|Any CPU
		{77ED4472-30FE-4ADE-84FE-98999F36343F}.Debug|Any CPU.Build.0 = Debug|Any CPU
		{77ED4472-30FE-4ADE-84FE-98999F36343F}.Release|Any CPU.ActiveCfg = Release|Any CPU
		{77ED4472-30FE-4ADE-84FE-98999F36343F}.Release|Any CPU.Build.0 = Release|Any CPU
	EndGlobalSection
	GlobalSection(SolutionProperties) = preSolution
		HideSolutionNode = FALSE
	EndGlobalSection
	GlobalSection(ExtensibilityGlobals) = postSolution
		SolutionGuid = {7DBD04D5-9085-45F5-ADF8-986C9B11EA74}
	EndGlobalSection
EndGlobal
